// !$*UTF8*$!
{
	archiveVersion = 1;
	classes = {
	};
	objectVersion = 77;
	objects = {

/* Begin PBXContainerItemProxy section */
		707942552DECF2F4002680E7 /* PBXContainerItemProxy */ = {
			isa = PBXContainerItemProxy;
			containerPortal = 7079423E2DECF2F4002680E7 /* Project object */;
			proxyType = 1;
			remoteGlobalIDString = 707942452DECF2F4002680E7;
			remoteInfo = "Pin-Proj";
		};
		7079425F2DECF2F4002680E7 /* PBXContainerItemProxy */ = {
			isa = PBXContainerItemProxy;
			containerPortal = 7079423E2DECF2F4002680E7 /* Project object */;
			proxyType = 1;
			remoteGlobalIDString = 707942452DECF2F4002680E7;
			remoteInfo = "Pin-Proj";
		};
/* End PBXContainerItemProxy section */

/* Begin PBXFileReference section */
		707942462DECF2F4002680E7 /* Pin-Proj.app */ = {isa = PBXFileReference; explicitFileType = wrapper.application; includeInIndex = 0; path = "Pin-Proj.app"; sourceTree = BUILT_PRODUCTS_DIR; };
		707942542DECF2F4002680E7 /* Pin-ProjTests.xctest */ = {isa = PBXFileReference; explicitFileType = wrapper.cfbundle; includeInIndex = 0; path = "Pin-ProjTests.xctest"; sourceTree = BUILT_PRODUCTS_DIR; };
		7079425E2DECF2F4002680E7 /* Pin-ProjUITests.xctest */ = {isa = PBXFileReference; explicitFileType = wrapper.cfbundle; includeInIndex = 0; path = "Pin-ProjUITests.xctest"; sourceTree = BUILT_PRODUCTS_DIR; };
/* End PBXFileReference section */

/* Begin PBXFileSystemSynchronizedBuildFileExceptionSet section */
		7079427F2DECF5FF002680E7 /* Exceptions for "Pin-ProjTests" folder in "Pin-ProjTests" target */ = {
			isa = PBXFileSystemSynchronizedBuildFileExceptionSet;
			membershipExceptions = (
				Pin_ProjTests.swift,
			);
			target = 707942532DECF2F4002680E7 /* Pin-ProjTests */;
		};
		707942802DECF5FF002680E7 /* Exceptions for "Pin-ProjTests" folder in "Pin-ProjUITests" target */ = {
			isa = PBXFileSystemSynchronizedBuildFileExceptionSet;
			membershipExceptions = (
				Pin_ProjTests.swift,
			);
			target = 7079425D2DECF2F4002680E7 /* Pin-ProjUITests */;
		};
/* End PBXFileSystemSynchronizedBuildFileExceptionSet section */

/* Begin PBXFileSystemSynchronizedRootGroup section */
		707942482DECF2F4002680E7 /* Pin-Proj */ = {
			isa = PBXFileSystemSynchronizedRootGroup;
			path = "Pin-Proj";
			sourceTree = "<group>";
		};
		707942762DECF5F2002680E7 /* Views */ = {
			isa = PBXFileSystemSynchronizedRootGroup;
			path = Views;
			sourceTree = "<group>";
		};
		7079427D2DECF5FF002680E7 /* Pin-ProjTests */ = {
			isa = PBXFileSystemSynchronizedRootGroup;
			exceptions = (
				7079427F2DECF5FF002680E7 /* Exceptions for "Pin-ProjTests" folder in "Pin-ProjTests" target */,
				707942802DECF5FF002680E7 /* Exceptions for "Pin-ProjTests" folder in "Pin-ProjUITests" target */,
			);
			path = "Pin-ProjTests";
			sourceTree = "<group>";
		};
		707942882DECF608002680E7 /* Pin-ProjUITests */ = {
			isa = PBXFileSystemSynchronizedRootGroup;
			path = "Pin-ProjUITests";
			sourceTree = "<group>";
		};
		7079428C2DED0371002680E7 /* Modules */ = {
			isa = PBXFileSystemSynchronizedRootGroup;
			path = Modules;
			sourceTree = "<group>";
		};
		7079428E2DED03AE002680E7 /* ViewModules */ = {
			isa = PBXFileSystemSynchronizedRootGroup;
			path = ViewModules;
			sourceTree = "<group>";
		};
		707942902DED03CF002680E7 /* Utils */ = {
			isa = PBXFileSystemSynchronizedRootGroup;
			path = Utils;
			sourceTree = "<group>";
		};
		707942922DED03E8002680E7 /* Resources */ = {
			isa = PBXFileSystemSynchronizedRootGroup;
			path = Resources;
			sourceTree = "<group>";
		};
/* End PBXFileSystemSynchronizedRootGroup section */

/* Begin PBXFrameworksBuildPhase section */
		707942432DECF2F4002680E7 /* Frameworks */ = {
			isa = PBXFrameworksBuildPhase;
			buildActionMask = 2147483647;
			files = (
			);
			runOnlyForDeploymentPostprocessing = 0;
		};
		707942512DECF2F4002680E7 /* Frameworks */ = {
			isa = PBXFrameworksBuildPhase;
			buildActionMask = 2147483647;
			files = (
			);
			runOnlyForDeploymentPostprocessing = 0;
		};
		7079425B2DECF2F4002680E7 /* Frameworks */ = {
			isa = PBXFrameworksBuildPhase;
			buildActionMask = 2147483647;
			files = (
			);
			runOnlyForDeploymentPostprocessing = 0;
		};
/* End PBXFrameworksBuildPhase section */

/* Begin PBXGroup section */
		7079423D2DECF2F4002680E7 = {
			isa = PBXGroup;
			children = (
				707942482DECF2F4002680E7 /* Pin-Proj */,
				707942762DECF5F2002680E7 /* Views */,
				7079428C2DED0371002680E7 /* Modules */,
				7079428E2DED03AE002680E7 /* ViewModules */,
				707942902DED03CF002680E7 /* Utils */,
				707942922DED03E8002680E7 /* Resources */,
				7079427D2DECF5FF002680E7 /* Pin-ProjTests */,
				707942882DECF608002680E7 /* Pin-ProjUITests */,
				707942472DECF2F4002680E7 /* Products */,
			);
			sourceTree = "<group>";
		};
		707942472DECF2F4002680E7 /* Products */ = {
			isa = PBXGroup;
			children = (
				707942462DECF2F4002680E7 /* Pin-Proj.app */,
				707942542DECF2F4002680E7 /* Pin-ProjTests.xctest */,
				7079425E2DECF2F4002680E7 /* Pin-ProjUITests.xctest */,
			);
			name = Products;
			sourceTree = "<group>";
		};
/* End PBXGroup section */

/* Begin PBXNativeTarget section */
		707942452DECF2F4002680E7 /* Pin-Proj */ = {
			isa = PBXNativeTarget;
			buildConfigurationList = 707942682DECF2F4002680E7 /* Build configuration list for PBXNativeTarget "Pin-Proj" */;
			buildPhases = (
				707942422DECF2F4002680E7 /* Sources */,
				707942432DECF2F4002680E7 /* Frameworks */,
				707942442DECF2F4002680E7 /* Resources */,
			);
			buildRules = (
			);
			dependencies = (
			);
			fileSystemSynchronizedGroups = (
				707942482DECF2F4002680E7 /* Pin-Proj */,
			);
			name = "Pin-Proj";
			packageProductDependencies = (
			);
			productName = "Pin-Proj";
			productReference = 707942462DECF2F4002680E7 /* Pin-Proj.app */;
			productType = "com.apple.product-type.application";
		};
		707942532DECF2F4002680E7 /* Pin-ProjTests */ = {
			isa = PBXNativeTarget;
			buildConfigurationList = 7079426B2DECF2F4002680E7 /* Build configuration list for PBXNativeTarget "Pin-ProjTests" */;
			buildPhases = (
				707942502DECF2F4002680E7 /* Sources */,
				707942512DECF2F4002680E7 /* Frameworks */,
				707942522DECF2F4002680E7 /* Resources */,
			);
			buildRules = (
			);
			dependencies = (
				707942562DECF2F4002680E7 /* PBXTargetDependency */,
			);
			name = "Pin-ProjTests";
			packageProductDependencies = (
			);
			productName = "Pin-ProjTests";
			productReference = 707942542DECF2F4002680E7 /* Pin-ProjTests.xctest */;
			productType = "com.apple.product-type.bundle.unit-test";
		};
		7079425D2DECF2F4002680E7 /* Pin-ProjUITests */ = {
			isa = PBXNativeTarget;
			buildConfigurationList = 7079426E2DECF2F4002680E7 /* Build configuration list for PBXNativeTarget "Pin-ProjUITests" */;
			buildPhases = (
				7079425A2DECF2F4002680E7 /* Sources */,
				7079425B2DECF2F4002680E7 /* Frameworks */,
				7079425C2DECF2F4002680E7 /* Resources */,
			);
			buildRules = (
			);
			dependencies = (
				707942602DECF2F4002680E7 /* PBXTargetDependency */,
			);
			fileSystemSynchronizedGroups = (
				707942762DECF5F2002680E7 /* Views */,
				7079427D2DECF5FF002680E7 /* Pin-ProjTests */,
				707942882DECF608002680E7 /* Pin-ProjUITests */,
				7079428C2DED0371002680E7 /* Modules */,
				7079428E2DED03AE002680E7 /* ViewModules */,
				707942902DED03CF002680E7 /* Utils */,
				707942922DED03E8002680E7 /* Resources */,
			);
			name = "Pin-ProjUITests";
			packageProductDependencies = (
			);
			productName = "Pin-ProjUITests";
			productReference = 7079425E2DECF2F4002680E7 /* Pin-ProjUITests.xctest */;
			productType = "com.apple.product-type.bundle.ui-testing";
		};
/* End PBXNativeTarget section */

/* Begin PBXProject section */
		7079423E2DECF2F4002680E7 /* Project object */ = {
			isa = PBXProject;
			attributes = {
				BuildIndependentTargetsInParallel = 1;
				LastSwiftUpdateCheck = 1630;
				LastUpgradeCheck = 1630;
				TargetAttributes = {
					707942452DECF2F4002680E7 = {
						CreatedOnToolsVersion = 16.3;
					};
					707942532DECF2F4002680E7 = {
						CreatedOnToolsVersion = 16.3;
						TestTargetID = 707942452DECF2F4002680E7;
					};
					7079425D2DECF2F4002680E7 = {
						CreatedOnToolsVersion = 16.3;
						TestTargetID = 707942452DECF2F4002680E7;
					};
				};
			};
			buildConfigurationList = 707942412DECF2F4002680E7 /* Build configuration list for PBXProject "Pin-Proj" */;
			developmentRegion = en;
			hasScannedForEncodings = 0;
			knownRegions = (
				en,
				Base,
			);
			mainGroup = 7079423D2DECF2F4002680E7;
			minimizedProjectReferenceProxies = 1;
			preferredProjectObjectVersion = 77;
			productRefGroup = 707942472DECF2F4002680E7 /* Products */;
			projectDirPath = "";
			projectRoot = "";
			targets = (
				707942452DECF2F4002680E7 /* Pin-Proj */,
				707942532DECF2F4002680E7 /* Pin-ProjTests */,
				7079425D2DECF2F4002680E7 /* Pin-ProjUITests */,
			);
		};
/* End PBXProject section */

/* Begin PBXResourcesBuildPhase section */
		707942442DECF2F4002680E7 /* Resources */ = {
			isa = PBXResourcesBuildPhase;
			buildActionMask = 2147483647;
			files = (
			);
			runOnlyForDeploymentPostprocessing = 0;
		};
		707942522DECF2F4002680E7 /* Resources */ = {
			isa = PBXResourcesBuildPhase;
			buildActionMask = 2147483647;
			files = (
			);
			runOnlyForDeploymentPostprocessing = 0;
		};
		7079425C2DECF2F4002680E7 /* Resources */ = {
			isa = PBXResourcesBuildPhase;
			buildActionMask = 2147483647;
			files = (
			);
			runOnlyForDeploymentPostprocessing = 0;
		};
/* End PBXResourcesBuildPhase section */

/* Begin PBXSourcesBuildPhase section */
		707942422DECF2F4002680E7 /* Sources */ = {
			isa = PBXSourcesBuildPhase;
			buildActionMask = 2147483647;
			files = (
			);
			runOnlyForDeploymentPostprocessing = 0;
		};
		707942502DECF2F4002680E7 /* Sources */ = {
			isa = PBXSourcesBuildPhase;
			buildActionMask = 2147483647;
			files = (
			);
			runOnlyForDeploymentPostprocessing = 0;
		};
		7079425A2DECF2F4002680E7 /* Sources */ = {
			isa = PBXSourcesBuildPhase;
			buildActionMask = 2147483647;
			files = (
			);
			runOnlyForDeploymentPostprocessing = 0;
		};
/* End PBXSourcesBuildPhase section */

/* Begin PBXTargetDependency section */
		707942562DECF2F4002680E7 /* PBXTargetDependency */ = {
			isa = PBXTargetDependency;
			target = 707942452DECF2F4002680E7 /* Pin-Proj */;
			targetProxy = 707942552DECF2F4002680E7 /* PBXContainerItemProxy */;
		};
		707942602DECF2F4002680E7 /* PBXTargetDependency */ = {
			isa = PBXTargetDependency;
			target = 707942452DECF2F4002680E7 /* Pin-Proj */;
			targetProxy = 7079425F2DECF2F4002680E7 /* PBXContainerItemProxy */;
		};
/* End PBXTargetDependency section */

/* Begin XCBuildConfiguration section */
		707942662DECF2F4002680E7 /* Debug */ = {
			isa = XCBuildConfiguration;
			buildSettings = {
				ALWAYS_SEARCH_USER_PATHS = NO;
				ASSETCATALOG_COMPILER_GENERATE_SWIFT_ASSET_SYMBOL_EXTENSIONS = YES;
				CLANG_ANALYZER_NONNULL = YES;
				CLANG_ANALYZER_NUMBER_OBJECT_CONVERSION = YES_AGGRESSIVE;
				CLANG_CXX_LANGUAGE_STANDARD = "gnu++20";
				CLANG_ENABLE_MODULES = YES;
				CLANG_ENABLE_OBJC_ARC = YES;
				CLANG_ENABLE_OBJC_WEAK = YES;
				CLANG_WARN_BLOCK_CAPTURE_AUTORELEASING = YES;
				CLANG_WARN_BOOL_CONVERSION = YES;
				CLANG_WARN_COMMA = YES;
				CLANG_WARN_CONSTANT_CONVERSION = YES;
				CLANG_WARN_DEPRECATED_OBJC_IMPLEMENTATIONS = YES;
				CLANG_WARN_DIRECT_OBJC_ISA_USAGE = YES_ERROR;
				CLANG_WARN_DOCUMENTATION_COMMENTS = YES;
				CLANG_WARN_EMPTY_BODY = YES;
				CLANG_WARN_ENUM_CONVERSION = YES;
				CLANG_WARN_INFINITE_RECURSION = YES;
				CLANG_WARN_INT_CONVERSION = YES;
				CLANG_WARN_NON_LITERAL_NULL_CONVERSION = YES;
				CLANG_WARN_OBJC_IMPLICIT_RETAIN_SELF = YES;
				CLANG_WARN_OBJC_LITERAL_CONVERSION = YES;
				CLANG_WARN_OBJC_ROOT_CLASS = YES_ERROR;
				CLANG_WARN_QUOTED_INCLUDE_IN_FRAMEWORK_HEADER = YES;
				CLANG_WARN_RANGE_LOOP_ANALYSIS = YES;
				CLANG_WARN_STRICT_PROTOTYPES = YES;
				CLANG_WARN_SUSPICIOUS_MOVE = YES;
				CLANG_WARN_UNGUARDED_AVAILABILITY = YES_AGGRESSIVE;
				CLANG_WARN_UNREACHABLE_CODE = YES;
				CLANG_WARN__DUPLICATE_METHOD_MATCH = YES;
				COPY_PHASE_STRIP = NO;
				DEBUG_INFORMATION_FORMAT = dwarf;
				ENABLE_STRICT_OBJC_MSGSEND = YES;
				ENABLE_TESTABILITY = YES;
				ENABLE_USER_SCRIPT_SANDBOXING = YES;
				GCC_C_LANGUAGE_STANDARD = gnu17;
				GCC_DYNAMIC_NO_PIC = NO;
				GCC_NO_COMMON_BLOCKS = YES;
				GCC_OPTIMIZATION_LEVEL = 0;
				GCC_PREPROCESSOR_DEFINITIONS = (
					"DEBUG=1",
					"$(inherited)",
				);
				GCC_WARN_64_TO_32_BIT_CONVERSION = YES;
				GCC_WARN_ABOUT_RETURN_TYPE = YES_ERROR;
				GCC_WARN_UNDECLARED_SELECTOR = YES;
				GCC_WARN_UNINITIALIZED_AUTOS = YES_AGGRESSIVE;
				GCC_WARN_UNUSED_FUNCTION = YES;
				GCC_WARN_UNUSED_VARIABLE = YES;
				LOCALIZATION_PREFERS_STRING_CATALOGS = YES;
				MTL_ENABLE_DEBUG_INFO = INCLUDE_SOURCE;
				MTL_FAST_MATH = YES;
				ONLY_ACTIVE_ARCH = YES;
				SWIFT_ACTIVE_COMPILATION_CONDITIONS = "DEBUG $(inherited)";
				SWIFT_OPTIMIZATION_LEVEL = "-Onone";
			};
			name = Debug;
		};
		707942672DECF2F4002680E7 /* Release */ = {
			isa = XCBuildConfiguration;
			buildSettings = {
				ALWAYS_SEARCH_USER_PATHS = NO;
				ASSETCATALOG_COMPILER_GENERATE_SWIFT_ASSET_SYMBOL_EXTENSIONS = YES;
				CLANG_ANALYZER_NONNULL = YES;
				CLANG_ANALYZER_NUMBER_OBJECT_CONVERSION = YES_AGGRESSIVE;
				CLANG_CXX_LANGUAGE_STANDARD = "gnu++20";
				CLANG_ENABLE_MODULES = YES;
				CLANG_ENABLE_OBJC_ARC = YES;
				CLANG_ENABLE_OBJC_WEAK = YES;
				CLANG_WARN_BLOCK_CAPTURE_AUTORELEASING = YES;
				CLANG_WARN_BOOL_CONVERSION = YES;
				CLANG_WARN_COMMA = YES;
				CLANG_WARN_CONSTANT_CONVERSION = YES;
				CLANG_WARN_DEPRECATED_OBJC_IMPLEMENTATIONS = YES;
				CLANG_WARN_DIRECT_OBJC_ISA_USAGE = YES_ERROR;
				CLANG_WARN_DOCUMENTATION_COMMENTS = YES;
				CLANG_WARN_EMPTY_BODY = YES;
				CLANG_WARN_ENUM_CONVERSION = YES;
				CLANG_WARN_INFINITE_RECURSION = YES;
				CLANG_WARN_INT_CONVERSION = YES;
				CLANG_WARN_NON_LITERAL_NULL_CONVERSION = YES;
				CLANG_WARN_OBJC_IMPLICIT_RETAIN_SELF = YES;
				CLANG_WARN_OBJC_LITERAL_CONVERSION = YES;
				CLANG_WARN_OBJC_ROOT_CLASS = YES_ERROR;
				CLANG_WARN_QUOTED_INCLUDE_IN_FRAMEWORK_HEADER = YES;
				CLANG_WARN_RANGE_LOOP_ANALYSIS = YES;
				CLANG_WARN_STRICT_PROTOTYPES = YES;
				CLANG_WARN_SUSPICIOUS_MOVE = YES;
				CLANG_WARN_UNGUARDED_AVAILABILITY = YES_AGGRESSIVE;
				CLANG_WARN_UNREACHABLE_CODE = YES;
				CLANG_WARN__DUPLICATE_METHOD_MATCH = YES;
				COPY_PHASE_STRIP = NO;
				DEBUG_INFORMATION_FORMAT = "dwarf-with-dsym";
				ENABLE_NS_ASSERTIONS = NO;
				ENABLE_STRICT_OBJC_MSGSEND = YES;
				ENABLE_USER_SCRIPT_SANDBOXING = YES;
				GCC_C_LANGUAGE_STANDARD = gnu17;
				GCC_NO_COMMON_BLOCKS = YES;
				GCC_WARN_64_TO_32_BIT_CONVERSION = YES;
				GCC_WARN_ABOUT_RETURN_TYPE = YES_ERROR;
				GCC_WARN_UNDECLARED_SELECTOR = YES;
				GCC_WARN_UNINITIALIZED_AUTOS = YES_AGGRESSIVE;
				GCC_WARN_UNUSED_FUNCTION = YES;
				GCC_WARN_UNUSED_VARIABLE = YES;
				LOCALIZATION_PREFERS_STRING_CATALOGS = YES;
				MTL_ENABLE_DEBUG_INFO = NO;
				MTL_FAST_MATH = YES;
				SWIFT_COMPILATION_MODE = wholemodule;
			};
			name = Release;
		};
		707942692DECF2F4002680E7 /* Debug */ = {
			isa = XCBuildConfiguration;
			buildSettings = {
				ASSETCATALOG_COMPILER_APPICON_NAME = AppIcon;
				ASSETCATALOG_COMPILER_GLOBAL_ACCENT_COLOR_NAME = AccentColor;
				CODE_SIGN_ENTITLEMENTS = "Pin-Proj/Pin_Proj.entitlements";
				CODE_SIGN_STYLE = Automatic;
				CURRENT_PROJECT_VERSION = 1;
				ENABLE_PREVIEWS = YES;
				GENERATE_INFOPLIST_FILE = YES;
				"INFOPLIST_KEY_UIApplicationSceneManifest_Generation[sdk=iphoneos*]" = YES;
				"INFOPLIST_KEY_UIApplicationSceneManifest_Generation[sdk=iphonesimulator*]" = YES;
				"INFOPLIST_KEY_UIApplicationSupportsIndirectInputEvents[sdk=iphoneos*]" = YES;
				"INFOPLIST_KEY_UIApplicationSupportsIndirectInputEvents[sdk=iphonesimulator*]" = YES;
				"INFOPLIST_KEY_UILaunchScreen_Generation[sdk=iphoneos*]" = YES;
				"INFOPLIST_KEY_UILaunchScreen_Generation[sdk=iphonesimulator*]" = YES;
				"INFOPLIST_KEY_UIStatusBarStyle[sdk=iphoneos*]" = UIStatusBarStyleDefault;
				"INFOPLIST_KEY_UIStatusBarStyle[sdk=iphonesimulator*]" = UIStatusBarStyleDefault;
				INFOPLIST_KEY_UISupportedInterfaceOrientations_iPad = "UIInterfaceOrientationPortrait UIInterfaceOrientationPortraitUpsideDown UIInterfaceOrientationLandscapeLeft UIInterfaceOrientationLandscapeRight";
				INFOPLIST_KEY_UISupportedInterfaceOrientations_iPhone = "UIInterfaceOrientationPortrait UIInterfaceOrientationLandscapeLeft UIInterfaceOrientationLandscapeRight";
				IPHONEOS_DEPLOYMENT_TARGET = 18.4;
				LD_RUNPATH_SEARCH_PATHS = "@executable_path/Frameworks";
				"LD_RUNPATH_SEARCH_PATHS[sdk=macosx*]" = "@executable_path/../Frameworks";
				MACOSX_DEPLOYMENT_TARGET = 15.4;
				MARKETING_VERSION = 1.0;
				PRODUCT_BUNDLE_IDENTIFIER = "com.maryade.Pin-Proj";
				PRODUCT_NAME = "$(TARGET_NAME)";
				REGISTER_APP_GROUPS = YES;
				SDKROOT = auto;
				SUPPORTED_PLATFORMS = "iphoneos iphonesimulator macosx xros xrsimulator";
				SWIFT_EMIT_LOC_STRINGS = YES;
				SWIFT_VERSION = 5.0;
				TARGETED_DEVICE_FAMILY = "1,2,7";
				XROS_DEPLOYMENT_TARGET = 2.4;
			};
			name = Debug;
		};
		7079426A2DECF2F4002680E7 /* Release */ = {
			isa = XCBuildConfiguration;
			buildSettings = {
				ASSETCATALOG_COMPILER_APPICON_NAME = AppIcon;
				ASSETCATALOG_COMPILER_GLOBAL_ACCENT_COLOR_NAME = AccentColor;
				CODE_SIGN_ENTITLEMENTS = "Pin-Proj/Pin_Proj.entitlements";
				CODE_SIGN_STYLE = Automatic;
				CURRENT_PROJECT_VERSION = 1;
				ENABLE_PREVIEWS = YES;
				GENERATE_INFOPLIST_FILE = YES;
				"INFOPLIST_KEY_UIApplicationSceneManifest_Generation[sdk=iphoneos*]" = YES;
				"INFOPLIST_KEY_UIApplicationSceneManifest_Generation[sdk=iphonesimulator*]" = YES;
				"INFOPLIST_KEY_UIApplicationSupportsIndirectInputEvents[sdk=iphoneos*]" = YES;
				"INFOPLIST_KEY_UIApplicationSupportsIndirectInputEvents[sdk=iphonesimulator*]" = YES;
				"INFOPLIST_KEY_UILaunchScreen_Generation[sdk=iphoneos*]" = YES;
				"INFOPLIST_KEY_UILaunchScreen_Generation[sdk=iphonesimulator*]" = YES;
				"INFOPLIST_KEY_UIStatusBarStyle[sdk=iphoneos*]" = UIStatusBarStyleDefault;
				"INFOPLIST_KEY_UIStatusBarStyle[sdk=iphonesimulator*]" = UIStatusBarStyleDefault;
				INFOPLIST_KEY_UISupportedInterfaceOrientations_iPad = "UIInterfaceOrientationPortrait UIInterfaceOrientationPortraitUpsideDown UIInterfaceOrientationLandscapeLeft UIInterfaceOrientationLandscapeRight";
				INFOPLIST_KEY_UISupportedInterfaceOrientations_iPhone = "UIInterfaceOrientationPortrait UIInterfaceOrientationLandscapeLeft UIInterfaceOrientationLandscapeRight";
				IPHONEOS_DEPLOYMENT_TARGET = 18.4;
				LD_RUNPATH_SEARCH_PATHS = "@executable_path/Frameworks";
				"LD_RUNPATH_SEARCH_PATHS[sdk=macosx*]" = "@executable_path/../Frameworks";
				MACOSX_DEPLOYMENT_TARGET = 15.4;
				MARKETING_VERSION = 1.0;
				PRODUCT_BUNDLE_IDENTIFIER = "com.maryade.Pin-Proj";
				PRODUCT_NAME = "$(TARGET_NAME)";
				REGISTER_APP_GROUPS = YES;
				SDKROOT = auto;
				SUPPORTED_PLATFORMS = "iphoneos iphonesimulator macosx xros xrsimulator";
				SWIFT_EMIT_LOC_STRINGS = YES;
				SWIFT_VERSION = 5.0;
				TARGETED_DEVICE_FAMILY = "1,2,7";
				XROS_DEPLOYMENT_TARGET = 2.4;
			};
			name = Release;
		};
		7079426C2DECF2F4002680E7 /* Debug */ = {
			isa = XCBuildConfiguration;
			buildSettings = {
				BUNDLE_LOADER = "$(TEST_HOST)";
				CODE_SIGN_STYLE = Automatic;
				CURRENT_PROJECT_VERSION = 1;
				GENERATE_INFOPLIST_FILE = YES;
				IPHONEOS_DEPLOYMENT_TARGET = 18.4;
				MACOSX_DEPLOYMENT_TARGET = 15.4;
				MARKETING_VERSION = 1.0;
				PRODUCT_BUNDLE_IDENTIFIER = "com.maryade.Pin-ProjTests";
				PRODUCT_NAME = "$(TARGET_NAME)";
				SDKROOT = auto;
				SUPPORTED_PLATFORMS = "iphoneos iphonesimulator macosx xros xrsimulator";
				SWIFT_EMIT_LOC_STRINGS = NO;
				SWIFT_VERSION = 5.0;
				TARGETED_DEVICE_FAMILY = "1,2,7";
				TEST_HOST = "$(BUILT_PRODUCTS_DIR)/Pin-Proj.app/$(BUNDLE_EXECUTABLE_FOLDER_PATH)/Pin-Proj";
				XROS_DEPLOYMENT_TARGET = 2.4;
			};
			name = Debug;
		};
		7079426D2DECF2F4002680E7 /* Release */ = {
			isa = XCBuildConfiguration;
			buildSettings = {
				BUNDLE_LOADER = "$(TEST_HOST)";
				CODE_SIGN_STYLE = Automatic;
				CURRENT_PROJECT_VERSION = 1;
				GENERATE_INFOPLIST_FILE = YES;
				IPHONEOS_DEPLOYMENT_TARGET = 18.4;
				MACOSX_DEPLOYMENT_TARGET = 15.4;
				MARKETING_VERSION = 1.0;
				PRODUCT_BUNDLE_IDENTIFIER = "com.maryade.Pin-ProjTests";
				PRODUCT_NAME = "$(TARGET_NAME)";
				SDKROOT = auto;
				SUPPORTED_PLATFORMS = "iphoneos iphonesimulator macosx xros xrsimulator";
				SWIFT_EMIT_LOC_STRINGS = NO;
				SWIFT_VERSION = 5.0;
				TARGETED_DEVICE_FAMILY = "1,2,7";
				TEST_HOST = "$(BUILT_PRODUCTS_DIR)/Pin-Proj.app/$(BUNDLE_EXECUTABLE_FOLDER_PATH)/Pin-Proj";
				XROS_DEPLOYMENT_TARGET = 2.4;
			};
			name = Release;
		};
		7079426F2DECF2F4002680E7 /* Debug */ = {
			isa = XCBuildConfiguration;
			buildSettings = {
				CODE_SIGN_STYLE = Automatic;
				CURRENT_PROJECT_VERSION = 1;
				GENERATE_INFOPLIST_FILE = YES;
				IPHONEOS_DEPLOYMENT_TARGET = 18.4;
				MACOSX_DEPLOYMENT_TARGET = 15.4;
				MARKETING_VERSION = 1.0;
				PRODUCT_BUNDLE_IDENTIFIER = "com.maryade.Pin-ProjUITests";
				PRODUCT_NAME = "$(TARGET_NAME)";
				SDKROOT = auto;
				SUPPORTED_PLATFORMS = "iphoneos iphonesimulator macosx xros xrsimulator";
				SWIFT_EMIT_LOC_STRINGS = NO;
				SWIFT_VERSION = 5.0;
				TARGETED_DEVICE_FAMILY = "1,2,7";
				TEST_TARGET_NAME = "Pin-Proj";
				XROS_DEPLOYMENT_TARGET = 2.4;
			};
			name = Debug;
		};
		707942702DECF2F4002680E7 /* Release */ = {
			isa = XCBuildConfiguration;
			buildSettings = {
				CODE_SIGN_STYLE = Automatic;
				CURRENT_PROJECT_VERSION = 1;
				GENERATE_INFOPLIST_FILE = YES;
				IPHONEOS_DEPLOYMENT_TARGET = 18.4;
				MACOSX_DEPLOYMENT_TARGET = 15.4;
				MARKETING_VERSION = 1.0;
				PRODUCT_BUNDLE_IDENTIFIER = "com.maryade.Pin-ProjUITests";
				PRODUCT_NAME = "$(TARGET_NAME)";
				SDKROOT = auto;
				SUPPORTED_PLATFORMS = "iphoneos iphonesimulator macosx xros xrsimulator";
				SWIFT_EMIT_LOC_STRINGS = NO;
				SWIFT_VERSION = 5.0;
				TARGETED_DEVICE_FAMILY = "1,2,7";
				TEST_TARGET_NAME = "Pin-Proj";
				XROS_DEPLOYMENT_TARGET = 2.4;
			};
			name = Release;
		};
/* End XCBuildConfiguration section */

/* Begin XCConfigurationList section */
		707942412DECF2F4002680E7 /* Build configuration list for PBXProject "Pin-Proj" */ = {
			isa = XCConfigurationList;
			buildConfigurations = (
				707942662DECF2F4002680E7 /* Debug */,
				707942672DECF2F4002680E7 /* Release */,
			);
			defaultConfigurationIsVisible = 0;
			defaultConfigurationName = Release;
		};
		707942682DECF2F4002680E7 /* Build configuration list for PBXNativeTarget "Pin-Proj" */ = {
			isa = XCConfigurationList;
			buildConfigurations = (
				707942692DECF2F4002680E7 /* Debug */,
				7079426A2DECF2F4002680E7 /* Release */,
			);
			defaultConfigurationIsVisible = 0;
			defaultConfigurationName = Release;
		};
		7079426B2DECF2F4002680E7 /* Build configuration list for PBXNativeTarget "Pin-ProjTests" */ = {
			isa = XCConfigurationList;
			buildConfigurations = (
				7079426C2DECF2F4002680E7 /* Debug */,
				7079426D2DECF2F4002680E7 /* Release */,
			);
			defaultConfigurationIsVisible = 0;
			defaultConfigurationName = Release;
		};
		7079426E2DECF2F4002680E7 /* Build configuration list for PBXNativeTarget "Pin-ProjUITests" */ = {
			isa = XCConfigurationList;
			buildConfigurations = (
				7079426F2DECF2F4002680E7 /* Debug */,
				707942702DECF2F4002680E7 /* Release */,
			);
			defaultConfigurationIsVisible = 0;
			defaultConfigurationName = Release;
		};
/* End XCConfigurationList section */
	};
	rootObject = 7079423E2DECF2F4002680E7 /* Project object */;
}
